
Microsoft Visual Studio Solution File, Format Version 12.00
# Visual Studio Version 16
VisualStudioVersion = 16.0.30611.23
MinimumVisualStudioVersion = 10.0.40219.1
Project("{FAE04EC0-301F-11D3-BF4B-00C04F79EFBC}") = "ProjectoAlexa.Domain", "src\ProjectoAlexa.Domain\ProjectoAlexa.Domain.csproj", "{F1B04F34-06E4-4338-989E-E5AF993290F4}"
EndProject
Project("{FAE04EC0-301F-11D3-BF4B-00C04F79EFBC}") = "ProjectoAlexa.Data", "src\ProjectoAlexa.Data\ProjectoAlexa.Data.csproj", "{9A923B6D-4DA0-4FBC-ACE9-0252EC2B67B4}"
EndProject
Project("{FAE04EC0-301F-11D3-BF4B-00C04F79EFBC}") = "ProjectoAlexa.Web", "src\ProjectoAlexa.Web\ProjectoAlexa.Web.csproj", "{B7322913-9E33-45BC-9E89-D5388560A888}"
EndProject
Project("{2150E333-8FDC-42A3-9474-1A3956D46DE8}") = "1 - Apresentação", "1 - Apresentação", "{63EC82AE-29E4-4D67-BC15-5C1A7CC86224}"
EndProject
Project("{2150E333-8FDC-42A3-9474-1A3956D46DE8}") = "2 - Domain", "2 - Domain", "{3F1CC9BC-C716-42A9-9445-F7E0B98A2A34}"
EndProject
Project("{2150E333-8FDC-42A3-9474-1A3956D46DE8}") = "3 - Infra", "3 - Infra", "{A80928F1-8729-4973-813B-038843057734}"
EndProject
Global
	GlobalSection(SolutionConfigurationPlatforms) = preSolution
		Debug|Any CPU = Debug|Any CPU
		Release|Any CPU = Release|Any CPU
	EndGlobalSection
	GlobalSection(ProjectConfigurationPlatforms) = postSolution
		{F1B04F34-06E4-4338-989E-E5AF993290F4}.Debug|Any CPU.ActiveCfg = Debug|Any CPU
		{F1B04F34-06E4-4338-989E-E5AF993290F4}.Debug|Any CPU.Build.0 = Debug|Any CPU
		{F1B04F34-06E4-4338-989E-E5AF993290F4}.Release|Any CPU.ActiveCfg = Release|Any CPU
		{F1B04F34-06E4-4338-989E-E5AF993290F4}.Release|Any CPU.Build.0 = Release|Any CPU
		{9A923B6D-4DA0-4FBC-ACE9-0252EC2B67B4}.Debug|Any CPU.ActiveCfg = Debug|Any CPU
		{9A923B6D-4DA0-4FBC-ACE9-0252EC2B67B4}.Debug|Any CPU.Build.0 = Debug|Any CPU
		{9A923B6D-4DA0-4FBC-ACE9-0252EC2B67B4}.Release|Any CPU.ActiveCfg = Release|Any CPU
		{9A923B6D-4DA0-4FBC-ACE9-0252EC2B67B4}.Release|Any CPU.Build.0 = Release|Any CPU
		{B7322913-9E33-45BC-9E89-D5388560A888}.Debug|Any CPU.ActiveCfg = Debug|Any CPU
		{B7322913-9E33-45BC-9E89-D5388560A888}.Debug|Any CPU.Build.0 = Debug|Any CPU
		{B7322913-9E33-45BC-9E89-D5388560A888}.Release|Any CPU.ActiveCfg = Release|Any CPU
		{B7322913-9E33-45BC-9E89-D5388560A888}.Release|Any CPU.Build.0 = Release|Any CPU
	EndGlobalSection
	GlobalSection(SolutionProperties) = preSolution
		HideSolutionNode = FALSE
	EndGlobalSection
	GlobalSection(NestedProjects) = preSolution
		{F1B04F34-06E4-4338-989E-E5AF993290F4} = {3F1CC9BC-C716-42A9-9445-F7E0B98A2A34}
		{9A923B6D-4DA0-4FBC-ACE9-0252EC2B67B4} = {A80928F1-8729-4973-813B-038843057734}
		{B7322913-9E33-45BC-9E89-D5388560A888} = {63EC82AE-29E4-4D67-BC15-5C1A7CC86224}
	EndGlobalSection
	GlobalSection(ExtensibilityGlobals) = postSolution
		SolutionGuid = {398FFE8B-5A52-4F42-8A9E-F9D51A3B417A}
	EndGlobalSection
EndGlobal
